
Microsoft Visual Studio Solution File, Format Version 12.00
# Visual Studio 15
VisualStudioVersion = 15.0.28307.271
MinimumVisualStudioVersion = 10.0.40219.1
Project("{FAE04EC0-301F-11D3-BF4B-00C04F79EFBC}") = "Lab2", "Lab2\Lab2.csproj", "{468F3325-3A82-4B14-84E2-1C2E5C95AEEA}"
EndProject
Global
	GlobalSection(SolutionConfigurationPlatforms) = preSolution
		Debug|Any CPU = Debug|Any CPU
		Release|Any CPU = Release|Any CPU
	EndGlobalSection
	GlobalSection(ProjectConfigurationPlatforms) = postSolution
		{468F3325-3A82-4B14-84E2-1C2E5C95AEEA}.Debug|Any CPU.ActiveCfg = Debug|Any CPU
		{468F3325-3A82-4B14-84E2-1C2E5C95AEEA}.Debug|Any CPU.Build.0 = Debug|Any CPU
		{468F3325-3A82-4B14-84E2-1C2E5C95AEEA}.Release|Any CPU.ActiveCfg = Release|Any CPU
		{468F3325-3A82-4B14-84E2-1C2E5C95AEEA}.Release|Any CPU.Build.0 = Release|Any CPU
	EndGlobalSection
	GlobalSection(SolutionProperties) = preSolution
		HideSolutionNode = FALSE
	EndGlobalSection
	GlobalSection(ExtensibilityGlobals) = postSolution
		SolutionGuid = {78881A68-540B-4C26-B52E-FFFE940184EF}
	EndGlobalSection
EndGlobal
